<?xml version="1.0" encoding="utf-8"?>
<Project ToolsVersion="4.0" xmlns="http://schemas.microsoft.com/developer/msbuild/2003">
  <ItemGroup>
    <Filter Include="core">
      <UniqueIdentifier>{4E40957C-3A77-960D-E363-7C10CF79120F}</UniqueIdentifier>
    </Filter>
    <Filter Include="core\imgui">
      <UniqueIdentifier>{38D00F51-2488-519E-8D8F-2AFA7966EC8E}</UniqueIdentifier>
    </Filter>
  </ItemGroup>
  <ItemGroup>
    <ClInclude Include="src\core\Application.h">
      <Filter>core</Filter>
    </ClInclude>
    <ClInclude Include="src\core\Layer.h">
      <Filter>core</Filter>
    </ClInclude>
    <ClInclude Include="src\core\Log.h">
      <Filter>core</Filter>
    </ClInclude>
    <ClInclude Include="src\core\Macros.h">
      <Filter>core</Filter>
    </ClInclude>
    <ClInclude Include="src\fmepch.h" />
  </ItemGroup>
  <ItemGroup>
    <ClCompile Include="src\core\Application.cpp">
      <Filter>core</Filter>
    </ClCompile>
    <ClCompile Include="src\core\Layer.cpp">
      <Filter>core</Filter>
    </ClCompile>
    <ClCompile Include="src\core\Log.cpp">
      <Filter>core</Filter>
    </ClCompile>
    <ClCompile Include="src\core\imgui\ImguiBuild.cpp">
      <Filter>core\imgui</Filter>
    </ClCompile>
    <ClCompile Include="src\fmepch.cpp" />
    <ClCompile Include="src\main.cpp" />
  </ItemGroup>
</Project>